
Microsoft Visual Studio Solution File, Format Version 12.00
# Visual Studio 15
VisualStudioVersion = 15.0.27004.2005
MinimumVisualStudioVersion = 10.0.40219.1
Project("{FAE04EC0-301F-11D3-BF4B-00C04F79EFBC}") = "ECommerceApp.Android", "ECommerceApp\ECommerceApp.Android\ECommerceApp.Android.csproj", "{5C1074AC-6095-4C6A-B672-846C65B1A054}"
EndProject
Project("{FAE04EC0-301F-11D3-BF4B-00C04F79EFBC}") = "ECommerceApp", "ECommerceApp\ECommerceApp\ECommerceApp.csproj", "{CA05D300-73B0-44EE-969D-15B46E90E8E6}"
EndProject
Project("{FAE04EC0-301F-11D3-BF4B-00C04F79EFBC}") = "ECommerceApp.UWP", "ECommerceApp\ECommerceApp.UWP\ECommerceApp.UWP.csproj", "{13CF8FF7-8667-45C2-835A-813052C5F8C3}"
EndProject
Project("{FAE04EC0-301F-11D3-BF4B-00C04F79EFBC}") = "ECommerceApp.iOS", "ECommerceApp\ECommerceApp.iOS\ECommerceApp.iOS.csproj", "{09D35838-9740-4AC4-9B35-EC4583FE5AAE}"
EndProject
Global
	GlobalSection(SolutionConfigurationPlatforms) = preSolution
		Ad-Hoc|Any CPU = Ad-Hoc|Any CPU
		Ad-Hoc|ARM = Ad-Hoc|ARM
		Ad-Hoc|iPhone = Ad-Hoc|iPhone
		Ad-Hoc|iPhoneSimulator = Ad-Hoc|iPhoneSimulator
		Ad-Hoc|x64 = Ad-Hoc|x64
		Ad-Hoc|x86 = Ad-Hoc|x86
		AppStore|Any CPU = AppStore|Any CPU
		AppStore|ARM = AppStore|ARM
		AppStore|iPhone = AppStore|iPhone
		AppStore|iPhoneSimulator = AppStore|iPhoneSimulator
		AppStore|x64 = AppStore|x64
		AppStore|x86 = AppStore|x86
		Debug|Any CPU = Debug|Any CPU
		Debug|ARM = Debug|ARM
		Debug|iPhone = Debug|iPhone
		Debug|iPhoneSimulator = Debug|iPhoneSimulator
		Debug|x64 = Debug|x64
		Debug|x86 = Debug|x86
		Release|Any CPU = Release|Any CPU
		Release|ARM = Release|ARM
		Release|iPhone = Release|iPhone
		Release|iPhoneSimulator = Release|iPhoneSimulator
		Release|x64 = Release|x64
		Release|x86 = Release|x86
	EndGlobalSection
	GlobalSection(ProjectConfigurationPlatforms) = postSolution
		{5C1074AC-6095-4C6A-B672-846C65B1A054}.Ad-Hoc|Any CPU.ActiveCfg = Release|Any CPU
		{5C1074AC-6095-4C6A-B672-846C65B1A054}.Ad-Hoc|Any CPU.Build.0 = Release|Any CPU
		{5C1074AC-6095-4C6A-B672-846C65B1A054}.Ad-Hoc|Any CPU.Deploy.0 = Release|Any CPU
		{5C1074AC-6095-4C6A-B672-846C65B1A054}.Ad-Hoc|ARM.ActiveCfg = Release|Any CPU
		{5C1074AC-6095-4C6A-B672-846C65B1A054}.Ad-Hoc|ARM.Build.0 = Release|Any CPU
		{5C1074AC-6095-4C6A-B672-846C65B1A054}.Ad-Hoc|ARM.Deploy.0 = Release|Any CPU
		{5C1074AC-6095-4C6A-B672-846C65B1A054}.Ad-Hoc|iPhone.ActiveCfg = Release|Any CPU
		{5C1074AC-6095-4C6A-B672-846C65B1A054}.Ad-Hoc|iPhone.Build.0 = Release|Any CPU
		{5C1074AC-6095-4C6A-B672-846C65B1A054}.Ad-Hoc|iPhone.Deploy.0 = Release|Any CPU
		{5C1074AC-6095-4C6A-B672-846C65B1A054}.Ad-Hoc|iPhoneSimulator.ActiveCfg = Release|Any CPU
		{5C1074AC-6095-4C6A-B672-846C65B1A054}.Ad-Hoc|iPhoneSimulator.Build.0 = Release|Any CPU
		{5C1074AC-6095-4C6A-B672-846C65B1A054}.Ad-Hoc|iPhoneSimulator.Deploy.0 = Release|Any CPU
		{5C1074AC-6095-4C6A-B672-846C65B1A054}.Ad-Hoc|x64.ActiveCfg = Release|Any CPU
		{5C1074AC-6095-4C6A-B672-846C65B1A054}.Ad-Hoc|x64.Build.0 = Release|Any CPU
		{5C1074AC-6095-4C6A-B672-846C65B1A054}.Ad-Hoc|x64.Deploy.0 = Release|Any CPU
		{5C1074AC-6095-4C6A-B672-846C65B1A054}.Ad-Hoc|x86.ActiveCfg = Release|Any CPU
		{5C1074AC-6095-4C6A-B672-846C65B1A054}.Ad-Hoc|x86.Build.0 = Release|Any CPU
		{5C1074AC-6095-4C6A-B672-846C65B1A054}.Ad-Hoc|x86.Deploy.0 = Release|Any CPU
		{5C1074AC-6095-4C6A-B672-846C65B1A054}.AppStore|Any CPU.ActiveCfg = Release|Any CPU
		{5C1074AC-6095-4C6A-B672-846C65B1A054}.AppStore|Any CPU.Build.0 = Release|Any CPU
		{5C1074AC-6095-4C6A-B672-846C65B1A054}.AppStore|Any CPU.Deploy.0 = Release|Any CPU
		{5C1074AC-6095-4C6A-B672-846C65B1A054}.AppStore|ARM.ActiveCfg = Release|Any CPU
		{5C1074AC-6095-4C6A-B672-846C65B1A054}.AppStore|ARM.Build.0 = Release|Any CPU
		{5C1074AC-6095-4C6A-B672-846C65B1A054}.AppStore|ARM.Deploy.0 = Release|Any CPU
		{5C1074AC-6095-4C6A-B672-846C65B1A054}.AppStore|iPhone.ActiveCfg = Release|Any CPU
		{5C1074AC-6095-4C6A-B672-846C65B1A054}.AppStore|iPhone.Build.0 = Release|Any CPU
		{5C1074AC-6095-4C6A-B672-846C65B1A054}.AppStore|iPhone.Deploy.0 = Release|Any CPU
		{5C1074AC-6095-4C6A-B672-846C65B1A054}.AppStore|iPhoneSimulator.ActiveCfg = Release|Any CPU
		{5C1074AC-6095-4C6A-B672-846C65B1A054}.AppStore|iPhoneSimulator.Build.0 = Release|Any CPU
		{5C1074AC-6095-4C6A-B672-846C65B1A054}.AppStore|iPhoneSimulator.Deploy.0 = Release|Any CPU
		{5C1074AC-6095-4C6A-B672-846C65B1A054}.AppStore|x64.ActiveCfg = Release|Any CPU
		{5C1074AC-6095-4C6A-B672-846C65B1A054}.AppStore|x64.Build.0 = Release|Any CPU
		{5C1074AC-6095-4C6A-B672-846C65B1A054}.AppStore|x64.Deploy.0 = Release|Any CPU
		{5C1074AC-6095-4C6A-B672-846C65B1A054}.AppStore|x86.ActiveCfg = Release|Any CPU
		{5C1074AC-6095-4C6A-B672-846C65B1A054}.AppStore|x86.Build.0 = Release|Any CPU
		{5C1074AC-6095-4C6A-B672-846C65B1A054}.AppStore|x86.Deploy.0 = Release|Any CPU
		{5C1074AC-6095-4C6A-B672-846C65B1A054}.Debug|Any CPU.ActiveCfg = Debug|Any CPU
		{5C1074AC-6095-4C6A-B672-846C65B1A054}.Debug|Any CPU.Build.0 = Debug|Any CPU
		{5C1074AC-6095-4C6A-B672-846C65B1A054}.Debug|Any CPU.Deploy.0 = Debug|Any CPU
		{5C1074AC-6095-4C6A-B672-846C65B1A054}.Debug|ARM.ActiveCfg = Debug|Any CPU
		{5C1074AC-6095-4C6A-B672-846C65B1A054}.Debug|ARM.Build.0 = Debug|Any CPU
		{5C1074AC-6095-4C6A-B672-846C65B1A054}.Debug|ARM.Deploy.0 = Debug|Any CPU
		{5C1074AC-6095-4C6A-B672-846C65B1A054}.Debug|iPhone.ActiveCfg = Debug|Any CPU
		{5C1074AC-6095-4C6A-B672-846C65B1A054}.Debug|iPhone.Build.0 = Debug|Any CPU
		{5C1074AC-6095-4C6A-B672-846C65B1A054}.Debug|iPhone.Deploy.0 = Debug|Any CPU
		{5C1074AC-6095-4C6A-B672-846C65B1A054}.Debug|iPhoneSimulator.ActiveCfg = Debug|Any CPU
		{5C1074AC-6095-4C6A-B672-846C65B1A054}.Debug|iPhoneSimulator.Build.0 = Debug|Any CPU
		{5C1074AC-6095-4C6A-B672-846C65B1A054}.Debug|iPhoneSimulator.Deploy.0 = Debug|Any CPU
		{5C1074AC-6095-4C6A-B672-846C65B1A054}.Debug|x64.ActiveCfg = Debug|Any CPU
		{5C1074AC-6095-4C6A-B672-846C65B1A054}.Debug|x64.Build.0 = Debug|Any CPU
		{5C1074AC-6095-4C6A-B672-846C65B1A054}.Debug|x64.Deploy.0 = Debug|Any CPU
		{5C1074AC-6095-4C6A-B672-846C65B1A054}.Debug|x86.ActiveCfg = Debug|Any CPU
		{5C1074AC-6095-4C6A-B672-846C65B1A054}.Debug|x86.Build.0 = Debug|Any CPU
		{5C1074AC-6095-4C6A-B672-846C65B1A054}.Debug|x86.Deploy.0 = Debug|Any CPU
		{5C1074AC-6095-4C6A-B672-846C65B1A054}.Release|Any CPU.ActiveCfg = Release|Any CPU
		{5C1074AC-6095-4C6A-B672-846C65B1A054}.Release|Any CPU.Build.0 = Release|Any CPU
		{5C1074AC-6095-4C6A-B672-846C65B1A054}.Release|Any CPU.Deploy.0 = Release|Any CPU
		{5C1074AC-6095-4C6A-B672-846C65B1A054}.Release|ARM.ActiveCfg = Release|Any CPU
		{5C1074AC-6095-4C6A-B672-846C65B1A054}.Release|ARM.Build.0 = Release|Any CPU
		{5C1074AC-6095-4C6A-B672-846C65B1A054}.Release|ARM.Deploy.0 = Release|Any CPU
		{5C1074AC-6095-4C6A-B672-846C65B1A054}.Release|iPhone.ActiveCfg = Release|Any CPU
		{5C1074AC-6095-4C6A-B672-846C65B1A054}.Release|iPhone.Build.0 = Release|Any CPU
		{5C1074AC-6095-4C6A-B672-846C65B1A054}.Release|iPhone.Deploy.0 = Release|Any CPU
		{5C1074AC-6095-4C6A-B672-846C65B1A054}.Release|iPhoneSimulator.ActiveCfg = Release|Any CPU
		{5C1074AC-6095-4C6A-B672-846C65B1A054}.Release|iPhoneSimulator.Build.0 = Release|Any CPU
		{5C1074AC-6095-4C6A-B672-846C65B1A054}.Release|iPhoneSimulator.Deploy.0 = Release|Any CPU
		{5C1074AC-6095-4C6A-B672-846C65B1A054}.Release|x64.ActiveCfg = Release|Any CPU
		{5C1074AC-6095-4C6A-B672-846C65B1A054}.Release|x64.Build.0 = Release|Any CPU
		{5C1074AC-6095-4C6A-B672-846C65B1A054}.Release|x64.Deploy.0 = Release|Any CPU
		{5C1074AC-6095-4C6A-B672-846C65B1A054}.Release|x86.ActiveCfg = Release|Any CPU
		{5C1074AC-6095-4C6A-B672-846C65B1A054}.Release|x86.Build.0 = Release|Any CPU
		{5C1074AC-6095-4C6A-B672-846C65B1A054}.Release|x86.Deploy.0 = Release|Any CPU
		{CA05D300-73B0-44EE-969D-15B46E90E8E6}.Ad-Hoc|Any CPU.ActiveCfg = Release|Any CPU
		{CA05D300-73B0-44EE-969D-15B46E90E8E6}.Ad-Hoc|Any CPU.Build.0 = Release|Any CPU
		{CA05D300-73B0-44EE-969D-15B46E90E8E6}.Ad-Hoc|ARM.ActiveCfg = Release|Any CPU
		{CA05D300-73B0-44EE-969D-15B46E90E8E6}.Ad-Hoc|ARM.Build.0 = Release|Any CPU
		{CA05D300-73B0-44EE-969D-15B46E90E8E6}.Ad-Hoc|iPhone.ActiveCfg = Release|Any CPU
		{CA05D300-73B0-44EE-969D-15B46E90E8E6}.Ad-Hoc|iPhone.Build.0 = Release|Any CPU
		{CA05D300-73B0-44EE-969D-15B46E90E8E6}.Ad-Hoc|iPhoneSimulator.ActiveCfg = Release|Any CPU
		{CA05D300-73B0-44EE-969D-15B46E90E8E6}.Ad-Hoc|iPhoneSimulator.Build.0 = Release|Any CPU
		{CA05D300-73B0-44EE-969D-15B46E90E8E6}.Ad-Hoc|x64.ActiveCfg = Release|Any CPU
		{CA05D300-73B0-44EE-969D-15B46E90E8E6}.Ad-Hoc|x64.Build.0 = Release|Any CPU
		{CA05D300-73B0-44EE-969D-15B46E90E8E6}.Ad-Hoc|x86.ActiveCfg = Release|Any CPU
		{CA05D300-73B0-44EE-969D-15B46E90E8E6}.Ad-Hoc|x86.Build.0 = Release|Any CPU
		{CA05D300-73B0-44EE-969D-15B46E90E8E6}.AppStore|Any CPU.ActiveCfg = Release|Any CPU
		{CA05D300-73B0-44EE-969D-15B46E90E8E6}.AppStore|Any CPU.Build.0 = Release|Any CPU
		{CA05D300-73B0-44EE-969D-15B46E90E8E6}.AppStore|ARM.ActiveCfg = Release|Any CPU
		{CA05D300-73B0-44EE-969D-15B46E90E8E6}.AppStore|ARM.Build.0 = Release|Any CPU
		{CA05D300-73B0-44EE-969D-15B46E90E8E6}.AppStore|iPhone.ActiveCfg = Release|Any CPU
		{CA05D300-73B0-44EE-969D-15B46E90E8E6}.AppStore|iPhone.Build.0 = Release|Any CPU
		{CA05D300-73B0-44EE-969D-15B46E90E8E6}.AppStore|iPhoneSimulator.ActiveCfg = Release|Any CPU
		{CA05D300-73B0-44EE-969D-15B46E90E8E6}.AppStore|iPhoneSimulator.Build.0 = Release|Any CPU
		{CA05D300-73B0-44EE-969D-15B46E90E8E6}.AppStore|x64.ActiveCfg = Release|Any CPU
		{CA05D300-73B0-44EE-969D-15B46E90E8E6}.AppStore|x64.Build.0 = Release|Any CPU
		{CA05D300-73B0-44EE-969D-15B46E90E8E6}.AppStore|x86.ActiveCfg = Release|Any CPU
		{CA05D300-73B0-44EE-969D-15B46E90E8E6}.AppStore|x86.Build.0 = Release|Any CPU
		{CA05D300-73B0-44EE-969D-15B46E90E8E6}.Debug|Any CPU.ActiveCfg = Debug|Any CPU
		{CA05D300-73B0-44EE-969D-15B46E90E8E6}.Debug|Any CPU.Build.0 = Debug|Any CPU
		{CA05D300-73B0-44EE-969D-15B46E90E8E6}.Debug|ARM.ActiveCfg = Debug|Any CPU
		{CA05D300-73B0-44EE-969D-15B46E90E8E6}.Debug|ARM.Build.0 = Debug|Any CPU
		{CA05D300-73B0-44EE-969D-15B46E90E8E6}.Debug|iPhone.ActiveCfg = Debug|Any CPU
		{CA05D300-73B0-44EE-969D-15B46E90E8E6}.Debug|iPhone.Build.0 = Debug|Any CPU
		{CA05D300-73B0-44EE-969D-15B46E90E8E6}.Debug|iPhoneSimulator.ActiveCfg = Debug|Any CPU
		{CA05D300-73B0-44EE-969D-15B46E90E8E6}.Debug|iPhoneSimulator.Build.0 = Debug|Any CPU
		{CA05D300-73B0-44EE-969D-15B46E90E8E6}.Debug|x64.ActiveCfg = Debug|Any CPU
		{CA05D300-73B0-44EE-969D-15B46E90E8E6}.Debug|x64.Build.0 = Debug|Any CPU
		{CA05D300-73B0-44EE-969D-15B46E90E8E6}.Debug|x86.ActiveCfg = Debug|Any CPU
		{CA05D300-73B0-44EE-969D-15B46E90E8E6}.Debug|x86.Build.0 = Debug|Any CPU
		{CA05D300-73B0-44EE-969D-15B46E90E8E6}.Release|Any CPU.ActiveCfg = Release|Any CPU
		{CA05D300-73B0-44EE-969D-15B46E90E8E6}.Release|Any CPU.Build.0 = Release|Any CPU
		{CA05D300-73B0-44EE-969D-15B46E90E8E6}.Release|ARM.ActiveCfg = Release|Any CPU
		{CA05D300-73B0-44EE-969D-15B46E90E8E6}.Release|ARM.Build.0 = Release|Any CPU
		{CA05D300-73B0-44EE-969D-15B46E90E8E6}.Release|iPhone.ActiveCfg = Release|Any CPU
		{CA05D300-73B0-44EE-969D-15B46E90E8E6}.Release|iPhone.Build.0 = Release|Any CPU
		{CA05D300-73B0-44EE-969D-15B46E90E8E6}.Release|iPhoneSimulator.ActiveCfg = Release|Any CPU
		{CA05D300-73B0-44EE-969D-15B46E90E8E6}.Release|iPhoneSimulator.Build.0 = Release|Any CPU
		{CA05D300-73B0-44EE-969D-15B46E90E8E6}.Release|x64.ActiveCfg = Release|Any CPU
		{CA05D300-73B0-44EE-969D-15B46E90E8E6}.Release|x64.Build.0 = Release|Any CPU
		{CA05D300-73B0-44EE-969D-15B46E90E8E6}.Release|x86.ActiveCfg = Release|Any CPU
		{CA05D300-73B0-44EE-969D-15B46E90E8E6}.Release|x86.Build.0 = Release|Any CPU
		{13CF8FF7-8667-45C2-835A-813052C5F8C3}.Ad-Hoc|Any CPU.ActiveCfg = Release|x86
		{13CF8FF7-8667-45C2-835A-813052C5F8C3}.Ad-Hoc|Any CPU.Build.0 = Release|x86
		{13CF8FF7-8667-45C2-835A-813052C5F8C3}.Ad-Hoc|Any CPU.Deploy.0 = Release|x86
		{13CF8FF7-8667-45C2-835A-813052C5F8C3}.Ad-Hoc|ARM.ActiveCfg = Release|ARM
		{13CF8FF7-8667-45C2-835A-813052C5F8C3}.Ad-Hoc|ARM.Build.0 = Release|ARM
		{13CF8FF7-8667-45C2-835A-813052C5F8C3}.Ad-Hoc|ARM.Deploy.0 = Release|ARM
		{13CF8FF7-8667-45C2-835A-813052C5F8C3}.Ad-Hoc|iPhone.ActiveCfg = Release|x86
		{13CF8FF7-8667-45C2-835A-813052C5F8C3}.Ad-Hoc|iPhone.Build.0 = Release|x86
		{13CF8FF7-8667-45C2-835A-813052C5F8C3}.Ad-Hoc|iPhone.Deploy.0 = Release|x86
		{13CF8FF7-8667-45C2-835A-813052C5F8C3}.Ad-Hoc|iPhoneSimulator.ActiveCfg = Release|x86
		{13CF8FF7-8667-45C2-835A-813052C5F8C3}.Ad-Hoc|iPhoneSimulator.Build.0 = Release|x86
		{13CF8FF7-8667-45C2-835A-813052C5F8C3}.Ad-Hoc|iPhoneSimulator.Deploy.0 = Release|x86
		{13CF8FF7-8667-45C2-835A-813052C5F8C3}.Ad-Hoc|x64.ActiveCfg = Release|x64
		{13CF8FF7-8667-45C2-835A-813052C5F8C3}.Ad-Hoc|x64.Build.0 = Release|x64
		{13CF8FF7-8667-45C2-835A-813052C5F8C3}.Ad-Hoc|x64.Deploy.0 = Release|x64
		{13CF8FF7-8667-45C2-835A-813052C5F8C3}.Ad-Hoc|x86.ActiveCfg = Release|x86
		{13CF8FF7-8667-45C2-835A-813052C5F8C3}.Ad-Hoc|x86.Build.0 = Release|x86
		{13CF8FF7-8667-45C2-835A-813052C5F8C3}.Ad-Hoc|x86.Deploy.0 = Release|x86
		{13CF8FF7-8667-45C2-835A-813052C5F8C3}.AppStore|Any CPU.ActiveCfg = Release|x86
		{13CF8FF7-8667-45C2-835A-813052C5F8C3}.AppStore|Any CPU.Build.0 = Release|x86
		{13CF8FF7-8667-45C2-835A-813052C5F8C3}.AppStore|Any CPU.Deploy.0 = Release|x86
		{13CF8FF7-8667-45C2-835A-813052C5F8C3}.AppStore|ARM.ActiveCfg = Release|ARM
		{13CF8FF7-8667-45C2-835A-813052C5F8C3}.AppStore|ARM.Build.0 = Release|ARM
		{13CF8FF7-8667-45C2-835A-813052C5F8C3}.AppStore|ARM.Deploy.0 = Release|ARM
		{13CF8FF7-8667-45C2-835A-813052C5F8C3}.AppStore|iPhone.ActiveCfg = Release|x86
		{13CF8FF7-8667-45C2-835A-813052C5F8C3}.AppStore|iPhone.Build.0 = Release|x86
		{13CF8FF7-8667-45C2-835A-813052C5F8C3}.AppStore|iPhone.Deploy.0 = Release|x86
		{13CF8FF7-8667-45C2-835A-813052C5F8C3}.AppStore|iPhoneSimulator.ActiveCfg = Release|x86
		{13CF8FF7-8667-45C2-835A-813052C5F8C3}.AppStore|iPhoneSimulator.Build.0 = Release|x86
		{13CF8FF7-8667-45C2-835A-813052C5F8C3}.AppStore|iPhoneSimulator.Deploy.0 = Release|x86
		{13CF8FF7-8667-45C2-835A-813052C5F8C3}.AppStore|x64.ActiveCfg = Release|x64
		{13CF8FF7-8667-45C2-835A-813052C5F8C3}.AppStore|x64.Build.0 = Release|x64
		{13CF8FF7-8667-45C2-835A-813052C5F8C3}.AppStore|x64.Deploy.0 = Release|x64
		{13CF8FF7-8667-45C2-835A-813052C5F8C3}.AppStore|x86.ActiveCfg = Release|x86
		{13CF8FF7-8667-45C2-835A-813052C5F8C3}.AppStore|x86.Build.0 = Release|x86
		{13CF8FF7-8667-45C2-835A-813052C5F8C3}.AppStore|x86.Deploy.0 = Release|x86
		{13CF8FF7-8667-45C2-835A-813052C5F8C3}.Debug|Any CPU.ActiveCfg = Debug|x86
		{13CF8FF7-8667-45C2-835A-813052C5F8C3}.Debug|ARM.ActiveCfg = Debug|ARM
		{13CF8FF7-8667-45C2-835A-813052C5F8C3}.Debug|ARM.Build.0 = Debug|ARM
		{13CF8FF7-8667-45C2-835A-813052C5F8C3}.Debug|ARM.Deploy.0 = Debug|ARM
		{13CF8FF7-8667-45C2-835A-813052C5F8C3}.Debug|iPhone.ActiveCfg = Debug|x86
		{13CF8FF7-8667-45C2-835A-813052C5F8C3}.Debug|iPhoneSimulator.ActiveCfg = Debug|x86
		{13CF8FF7-8667-45C2-835A-813052C5F8C3}.Debug|x64.ActiveCfg = Debug|x64
		{13CF8FF7-8667-45C2-835A-813052C5F8C3}.Debug|x64.Build.0 = Debug|x64
		{13CF8FF7-8667-45C2-835A-813052C5F8C3}.Debug|x64.Deploy.0 = Debug|x64
		{13CF8FF7-8667-45C2-835A-813052C5F8C3}.Debug|x86.ActiveCfg = Debug|x86
		{13CF8FF7-8667-45C2-835A-813052C5F8C3}.Debug|x86.Build.0 = Debug|x86
		{13CF8FF7-8667-45C2-835A-813052C5F8C3}.Debug|x86.Deploy.0 = Debug|x86
		{13CF8FF7-8667-45C2-835A-813052C5F8C3}.Release|Any CPU.ActiveCfg = Release|x86
		{13CF8FF7-8667-45C2-835A-813052C5F8C3}.Release|ARM.ActiveCfg = Release|ARM
		{13CF8FF7-8667-45C2-835A-813052C5F8C3}.Release|ARM.Build.0 = Release|ARM
		{13CF8FF7-8667-45C2-835A-813052C5F8C3}.Release|ARM.Deploy.0 = Release|ARM
		{13CF8FF7-8667-45C2-835A-813052C5F8C3}.Release|iPhone.ActiveCfg = Release|x86
		{13CF8FF7-8667-45C2-835A-813052C5F8C3}.Release|iPhoneSimulator.ActiveCfg = Release|x86
		{13CF8FF7-8667-45C2-835A-813052C5F8C3}.Release|x64.ActiveCfg = Release|x64
		{13CF8FF7-8667-45C2-835A-813052C5F8C3}.Release|x64.Build.0 = Release|x64
		{13CF8FF7-8667-45C2-835A-813052C5F8C3}.Release|x64.Deploy.0 = Release|x64
		{13CF8FF7-8667-45C2-835A-813052C5F8C3}.Release|x86.ActiveCfg = Release|x86
		{13CF8FF7-8667-45C2-835A-813052C5F8C3}.Release|x86.Build.0 = Release|x86
		{13CF8FF7-8667-45C2-835A-813052C5F8C3}.Release|x86.Deploy.0 = Release|x86
		{09D35838-9740-4AC4-9B35-EC4583FE5AAE}.Ad-Hoc|Any CPU.ActiveCfg = Ad-Hoc|iPhoneSimulator
		{09D35838-9740-4AC4-9B35-EC4583FE5AAE}.Ad-Hoc|ARM.ActiveCfg = Ad-Hoc|iPhone
		{09D35838-9740-4AC4-9B35-EC4583FE5AAE}.Ad-Hoc|iPhone.ActiveCfg = Ad-Hoc|iPhone
		{09D35838-9740-4AC4-9B35-EC4583FE5AAE}.Ad-Hoc|iPhone.Build.0 = Ad-Hoc|iPhone
		{09D35838-9740-4AC4-9B35-EC4583FE5AAE}.Ad-Hoc|iPhoneSimulator.ActiveCfg = Ad-Hoc|iPhoneSimulator
		{09D35838-9740-4AC4-9B35-EC4583FE5AAE}.Ad-Hoc|iPhoneSimulator.Build.0 = Ad-Hoc|iPhoneSimulator
		{09D35838-9740-4AC4-9B35-EC4583FE5AAE}.Ad-Hoc|x64.ActiveCfg = Ad-Hoc|iPhone
		{09D35838-9740-4AC4-9B35-EC4583FE5AAE}.Ad-Hoc|x86.ActiveCfg = Ad-Hoc|iPhone
		{09D35838-9740-4AC4-9B35-EC4583FE5AAE}.AppStore|Any CPU.ActiveCfg = AppStore|iPhoneSimulator
		{09D35838-9740-4AC4-9B35-EC4583FE5AAE}.AppStore|ARM.ActiveCfg = AppStore|iPhone
		{09D35838-9740-4AC4-9B35-EC4583FE5AAE}.AppStore|iPhone.ActiveCfg = AppStore|iPhone
		{09D35838-9740-4AC4-9B35-EC4583FE5AAE}.AppStore|iPhone.Build.0 = AppStore|iPhone
		{09D35838-9740-4AC4-9B35-EC4583FE5AAE}.AppStore|iPhoneSimulator.ActiveCfg = AppStore|iPhoneSimulator
		{09D35838-9740-4AC4-9B35-EC4583FE5AAE}.AppStore|iPhoneSimulator.Build.0 = AppStore|iPhoneSimulator
		{09D35838-9740-4AC4-9B35-EC4583FE5AAE}.AppStore|x64.ActiveCfg = AppStore|iPhone
		{09D35838-9740-4AC4-9B35-EC4583FE5AAE}.AppStore|x86.ActiveCfg = AppStore|iPhone
		{09D35838-9740-4AC4-9B35-EC4583FE5AAE}.Debug|Any CPU.ActiveCfg = Debug|iPhoneSimulator
		{09D35838-9740-4AC4-9B35-EC4583FE5AAE}.Debug|ARM.ActiveCfg = Debug|iPhone
		{09D35838-9740-4AC4-9B35-EC4583FE5AAE}.Debug|iPhone.ActiveCfg = Debug|iPhone
		{09D35838-9740-4AC4-9B35-EC4583FE5AAE}.Debug|iPhone.Build.0 = Debug|iPhone
		{09D35838-9740-4AC4-9B35-EC4583FE5AAE}.Debug|iPhoneSimulator.ActiveCfg = Debug|iPhoneSimulator
		{09D35838-9740-4AC4-9B35-EC4583FE5AAE}.Debug|iPhoneSimulator.Build.0 = Debug|iPhoneSimulator
		{09D35838-9740-4AC4-9B35-EC4583FE5AAE}.Debug|x64.ActiveCfg = Debug|iPhone
		{09D35838-9740-4AC4-9B35-EC4583FE5AAE}.Debug|x86.ActiveCfg = Debug|iPhone
		{09D35838-9740-4AC4-9B35-EC4583FE5AAE}.Release|Any CPU.ActiveCfg = Release|iPhoneSimulator
		{09D35838-9740-4AC4-9B35-EC4583FE5AAE}.Release|ARM.ActiveCfg = Release|iPhone
		{09D35838-9740-4AC4-9B35-EC4583FE5AAE}.Release|iPhone.ActiveCfg = Release|iPhone
		{09D35838-9740-4AC4-9B35-EC4583FE5AAE}.Release|iPhone.Build.0 = Release|iPhone
		{09D35838-9740-4AC4-9B35-EC4583FE5AAE}.Release|iPhoneSimulator.ActiveCfg = Release|iPhoneSimulator
		{09D35838-9740-4AC4-9B35-EC4583FE5AAE}.Release|iPhoneSimulator.Build.0 = Release|iPhoneSimulator
		{09D35838-9740-4AC4-9B35-EC4583FE5AAE}.Release|x64.ActiveCfg = Release|iPhone
		{09D35838-9740-4AC4-9B35-EC4583FE5AAE}.Release|x86.ActiveCfg = Release|iPhone
	EndGlobalSection
	GlobalSection(SolutionProperties) = preSolution
		HideSolutionNode = FALSE
	EndGlobalSection
	GlobalSection(ExtensibilityGlobals) = postSolution
		SolutionGuid = {DD680AD1-1F65-462D-9046-7F84A04EA224}
	EndGlobalSection
EndGlobal
