
Microsoft Visual Studio Solution File, Format Version 12.00
# Visual Studio 15
VisualStudioVersion = 15.0.27004.2005
MinimumVisualStudioVersion = 10.0.40219.1
Project("{FAE04EC0-301F-11D3-BF4B-00C04F79EFBC}") = "ShoppingCart.Android", "ShoppingCart\ShoppingCart.Android\ShoppingCart.Android.csproj", "{010132CC-8028-45D3-86FB-6C34C2597D37}"
EndProject
Project("{FAE04EC0-301F-11D3-BF4B-00C04F79EFBC}") = "ShoppingCart", "ShoppingCart\ShoppingCart\ShoppingCart.csproj", "{819A4092-A252-486B-AE1A-D6D7EB43C6FE}"
EndProject
Project("{FAE04EC0-301F-11D3-BF4B-00C04F79EFBC}") = "ShoppingCart.UWP", "ShoppingCart\ShoppingCart.UWP\ShoppingCart.UWP.csproj", "{C948EB73-FE80-4A14-BDE4-4C036BAEA307}"
EndProject
Project("{FAE04EC0-301F-11D3-BF4B-00C04F79EFBC}") = "ShoppingCart.iOS", "ShoppingCart\ShoppingCart.iOS\ShoppingCart.iOS.csproj", "{668E2A26-5243-40DB-AD68-EEBE769908B9}"
EndProject
Global
	GlobalSection(SolutionConfigurationPlatforms) = preSolution
		Ad-Hoc|Any CPU = Ad-Hoc|Any CPU
		Ad-Hoc|ARM = Ad-Hoc|ARM
		Ad-Hoc|iPhone = Ad-Hoc|iPhone
		Ad-Hoc|iPhoneSimulator = Ad-Hoc|iPhoneSimulator
		Ad-Hoc|x64 = Ad-Hoc|x64
		Ad-Hoc|x86 = Ad-Hoc|x86
		AppStore|Any CPU = AppStore|Any CPU
		AppStore|ARM = AppStore|ARM
		AppStore|iPhone = AppStore|iPhone
		AppStore|iPhoneSimulator = AppStore|iPhoneSimulator
		AppStore|x64 = AppStore|x64
		AppStore|x86 = AppStore|x86
		Debug|Any CPU = Debug|Any CPU
		Debug|ARM = Debug|ARM
		Debug|iPhone = Debug|iPhone
		Debug|iPhoneSimulator = Debug|iPhoneSimulator
		Debug|x64 = Debug|x64
		Debug|x86 = Debug|x86
		Release|Any CPU = Release|Any CPU
		Release|ARM = Release|ARM
		Release|iPhone = Release|iPhone
		Release|iPhoneSimulator = Release|iPhoneSimulator
		Release|x64 = Release|x64
		Release|x86 = Release|x86
	EndGlobalSection
	GlobalSection(ProjectConfigurationPlatforms) = postSolution
		{010132CC-8028-45D3-86FB-6C34C2597D37}.Ad-Hoc|Any CPU.ActiveCfg = Release|Any CPU
		{010132CC-8028-45D3-86FB-6C34C2597D37}.Ad-Hoc|Any CPU.Build.0 = Release|Any CPU
		{010132CC-8028-45D3-86FB-6C34C2597D37}.Ad-Hoc|Any CPU.Deploy.0 = Release|Any CPU
		{010132CC-8028-45D3-86FB-6C34C2597D37}.Ad-Hoc|ARM.ActiveCfg = Release|Any CPU
		{010132CC-8028-45D3-86FB-6C34C2597D37}.Ad-Hoc|ARM.Build.0 = Release|Any CPU
		{010132CC-8028-45D3-86FB-6C34C2597D37}.Ad-Hoc|ARM.Deploy.0 = Release|Any CPU
		{010132CC-8028-45D3-86FB-6C34C2597D37}.Ad-Hoc|iPhone.ActiveCfg = Release|Any CPU
		{010132CC-8028-45D3-86FB-6C34C2597D37}.Ad-Hoc|iPhone.Build.0 = Release|Any CPU
		{010132CC-8028-45D3-86FB-6C34C2597D37}.Ad-Hoc|iPhone.Deploy.0 = Release|Any CPU
		{010132CC-8028-45D3-86FB-6C34C2597D37}.Ad-Hoc|iPhoneSimulator.ActiveCfg = Release|Any CPU
		{010132CC-8028-45D3-86FB-6C34C2597D37}.Ad-Hoc|iPhoneSimulator.Build.0 = Release|Any CPU
		{010132CC-8028-45D3-86FB-6C34C2597D37}.Ad-Hoc|iPhoneSimulator.Deploy.0 = Release|Any CPU
		{010132CC-8028-45D3-86FB-6C34C2597D37}.Ad-Hoc|x64.ActiveCfg = Release|Any CPU
		{010132CC-8028-45D3-86FB-6C34C2597D37}.Ad-Hoc|x64.Build.0 = Release|Any CPU
		{010132CC-8028-45D3-86FB-6C34C2597D37}.Ad-Hoc|x64.Deploy.0 = Release|Any CPU
		{010132CC-8028-45D3-86FB-6C34C2597D37}.Ad-Hoc|x86.ActiveCfg = Release|Any CPU
		{010132CC-8028-45D3-86FB-6C34C2597D37}.Ad-Hoc|x86.Build.0 = Release|Any CPU
		{010132CC-8028-45D3-86FB-6C34C2597D37}.Ad-Hoc|x86.Deploy.0 = Release|Any CPU
		{010132CC-8028-45D3-86FB-6C34C2597D37}.AppStore|Any CPU.ActiveCfg = Release|Any CPU
		{010132CC-8028-45D3-86FB-6C34C2597D37}.AppStore|Any CPU.Build.0 = Release|Any CPU
		{010132CC-8028-45D3-86FB-6C34C2597D37}.AppStore|Any CPU.Deploy.0 = Release|Any CPU
		{010132CC-8028-45D3-86FB-6C34C2597D37}.AppStore|ARM.ActiveCfg = Release|Any CPU
		{010132CC-8028-45D3-86FB-6C34C2597D37}.AppStore|ARM.Build.0 = Release|Any CPU
		{010132CC-8028-45D3-86FB-6C34C2597D37}.AppStore|ARM.Deploy.0 = Release|Any CPU
		{010132CC-8028-45D3-86FB-6C34C2597D37}.AppStore|iPhone.ActiveCfg = Release|Any CPU
		{010132CC-8028-45D3-86FB-6C34C2597D37}.AppStore|iPhone.Build.0 = Release|Any CPU
		{010132CC-8028-45D3-86FB-6C34C2597D37}.AppStore|iPhone.Deploy.0 = Release|Any CPU
		{010132CC-8028-45D3-86FB-6C34C2597D37}.AppStore|iPhoneSimulator.ActiveCfg = Release|Any CPU
		{010132CC-8028-45D3-86FB-6C34C2597D37}.AppStore|iPhoneSimulator.Build.0 = Release|Any CPU
		{010132CC-8028-45D3-86FB-6C34C2597D37}.AppStore|iPhoneSimulator.Deploy.0 = Release|Any CPU
		{010132CC-8028-45D3-86FB-6C34C2597D37}.AppStore|x64.ActiveCfg = Release|Any CPU
		{010132CC-8028-45D3-86FB-6C34C2597D37}.AppStore|x64.Build.0 = Release|Any CPU
		{010132CC-8028-45D3-86FB-6C34C2597D37}.AppStore|x64.Deploy.0 = Release|Any CPU
		{010132CC-8028-45D3-86FB-6C34C2597D37}.AppStore|x86.ActiveCfg = Release|Any CPU
		{010132CC-8028-45D3-86FB-6C34C2597D37}.AppStore|x86.Build.0 = Release|Any CPU
		{010132CC-8028-45D3-86FB-6C34C2597D37}.AppStore|x86.Deploy.0 = Release|Any CPU
		{010132CC-8028-45D3-86FB-6C34C2597D37}.Debug|Any CPU.ActiveCfg = Debug|Any CPU
		{010132CC-8028-45D3-86FB-6C34C2597D37}.Debug|Any CPU.Build.0 = Debug|Any CPU
		{010132CC-8028-45D3-86FB-6C34C2597D37}.Debug|Any CPU.Deploy.0 = Debug|Any CPU
		{010132CC-8028-45D3-86FB-6C34C2597D37}.Debug|ARM.ActiveCfg = Debug|Any CPU
		{010132CC-8028-45D3-86FB-6C34C2597D37}.Debug|ARM.Build.0 = Debug|Any CPU
		{010132CC-8028-45D3-86FB-6C34C2597D37}.Debug|ARM.Deploy.0 = Debug|Any CPU
		{010132CC-8028-45D3-86FB-6C34C2597D37}.Debug|iPhone.ActiveCfg = Debug|Any CPU
		{010132CC-8028-45D3-86FB-6C34C2597D37}.Debug|iPhone.Build.0 = Debug|Any CPU
		{010132CC-8028-45D3-86FB-6C34C2597D37}.Debug|iPhone.Deploy.0 = Debug|Any CPU
		{010132CC-8028-45D3-86FB-6C34C2597D37}.Debug|iPhoneSimulator.ActiveCfg = Debug|Any CPU
		{010132CC-8028-45D3-86FB-6C34C2597D37}.Debug|iPhoneSimulator.Build.0 = Debug|Any CPU
		{010132CC-8028-45D3-86FB-6C34C2597D37}.Debug|iPhoneSimulator.Deploy.0 = Debug|Any CPU
		{010132CC-8028-45D3-86FB-6C34C2597D37}.Debug|x64.ActiveCfg = Debug|Any CPU
		{010132CC-8028-45D3-86FB-6C34C2597D37}.Debug|x64.Build.0 = Debug|Any CPU
		{010132CC-8028-45D3-86FB-6C34C2597D37}.Debug|x64.Deploy.0 = Debug|Any CPU
		{010132CC-8028-45D3-86FB-6C34C2597D37}.Debug|x86.ActiveCfg = Debug|Any CPU
		{010132CC-8028-45D3-86FB-6C34C2597D37}.Debug|x86.Build.0 = Debug|Any CPU
		{010132CC-8028-45D3-86FB-6C34C2597D37}.Debug|x86.Deploy.0 = Debug|Any CPU
		{010132CC-8028-45D3-86FB-6C34C2597D37}.Release|Any CPU.ActiveCfg = Release|Any CPU
		{010132CC-8028-45D3-86FB-6C34C2597D37}.Release|Any CPU.Build.0 = Release|Any CPU
		{010132CC-8028-45D3-86FB-6C34C2597D37}.Release|Any CPU.Deploy.0 = Release|Any CPU
		{010132CC-8028-45D3-86FB-6C34C2597D37}.Release|ARM.ActiveCfg = Release|Any CPU
		{010132CC-8028-45D3-86FB-6C34C2597D37}.Release|ARM.Build.0 = Release|Any CPU
		{010132CC-8028-45D3-86FB-6C34C2597D37}.Release|ARM.Deploy.0 = Release|Any CPU
		{010132CC-8028-45D3-86FB-6C34C2597D37}.Release|iPhone.ActiveCfg = Release|Any CPU
		{010132CC-8028-45D3-86FB-6C34C2597D37}.Release|iPhone.Build.0 = Release|Any CPU
		{010132CC-8028-45D3-86FB-6C34C2597D37}.Release|iPhone.Deploy.0 = Release|Any CPU
		{010132CC-8028-45D3-86FB-6C34C2597D37}.Release|iPhoneSimulator.ActiveCfg = Release|Any CPU
		{010132CC-8028-45D3-86FB-6C34C2597D37}.Release|iPhoneSimulator.Build.0 = Release|Any CPU
		{010132CC-8028-45D3-86FB-6C34C2597D37}.Release|iPhoneSimulator.Deploy.0 = Release|Any CPU
		{010132CC-8028-45D3-86FB-6C34C2597D37}.Release|x64.ActiveCfg = Release|Any CPU
		{010132CC-8028-45D3-86FB-6C34C2597D37}.Release|x64.Build.0 = Release|Any CPU
		{010132CC-8028-45D3-86FB-6C34C2597D37}.Release|x64.Deploy.0 = Release|Any CPU
		{010132CC-8028-45D3-86FB-6C34C2597D37}.Release|x86.ActiveCfg = Release|Any CPU
		{010132CC-8028-45D3-86FB-6C34C2597D37}.Release|x86.Build.0 = Release|Any CPU
		{010132CC-8028-45D3-86FB-6C34C2597D37}.Release|x86.Deploy.0 = Release|Any CPU
		{819A4092-A252-486B-AE1A-D6D7EB43C6FE}.Ad-Hoc|Any CPU.ActiveCfg = Release|Any CPU
		{819A4092-A252-486B-AE1A-D6D7EB43C6FE}.Ad-Hoc|Any CPU.Build.0 = Release|Any CPU
		{819A4092-A252-486B-AE1A-D6D7EB43C6FE}.Ad-Hoc|ARM.ActiveCfg = Release|Any CPU
		{819A4092-A252-486B-AE1A-D6D7EB43C6FE}.Ad-Hoc|ARM.Build.0 = Release|Any CPU
		{819A4092-A252-486B-AE1A-D6D7EB43C6FE}.Ad-Hoc|iPhone.ActiveCfg = Release|Any CPU
		{819A4092-A252-486B-AE1A-D6D7EB43C6FE}.Ad-Hoc|iPhone.Build.0 = Release|Any CPU
		{819A4092-A252-486B-AE1A-D6D7EB43C6FE}.Ad-Hoc|iPhoneSimulator.ActiveCfg = Release|Any CPU
		{819A4092-A252-486B-AE1A-D6D7EB43C6FE}.Ad-Hoc|iPhoneSimulator.Build.0 = Release|Any CPU
		{819A4092-A252-486B-AE1A-D6D7EB43C6FE}.Ad-Hoc|x64.ActiveCfg = Release|Any CPU
		{819A4092-A252-486B-AE1A-D6D7EB43C6FE}.Ad-Hoc|x64.Build.0 = Release|Any CPU
		{819A4092-A252-486B-AE1A-D6D7EB43C6FE}.Ad-Hoc|x86.ActiveCfg = Release|Any CPU
		{819A4092-A252-486B-AE1A-D6D7EB43C6FE}.Ad-Hoc|x86.Build.0 = Release|Any CPU
		{819A4092-A252-486B-AE1A-D6D7EB43C6FE}.AppStore|Any CPU.ActiveCfg = Release|Any CPU
		{819A4092-A252-486B-AE1A-D6D7EB43C6FE}.AppStore|Any CPU.Build.0 = Release|Any CPU
		{819A4092-A252-486B-AE1A-D6D7EB43C6FE}.AppStore|ARM.ActiveCfg = Release|Any CPU
		{819A4092-A252-486B-AE1A-D6D7EB43C6FE}.AppStore|ARM.Build.0 = Release|Any CPU
		{819A4092-A252-486B-AE1A-D6D7EB43C6FE}.AppStore|iPhone.ActiveCfg = Release|Any CPU
		{819A4092-A252-486B-AE1A-D6D7EB43C6FE}.AppStore|iPhone.Build.0 = Release|Any CPU
		{819A4092-A252-486B-AE1A-D6D7EB43C6FE}.AppStore|iPhoneSimulator.ActiveCfg = Release|Any CPU
		{819A4092-A252-486B-AE1A-D6D7EB43C6FE}.AppStore|iPhoneSimulator.Build.0 = Release|Any CPU
		{819A4092-A252-486B-AE1A-D6D7EB43C6FE}.AppStore|x64.ActiveCfg = Release|Any CPU
		{819A4092-A252-486B-AE1A-D6D7EB43C6FE}.AppStore|x64.Build.0 = Release|Any CPU
		{819A4092-A252-486B-AE1A-D6D7EB43C6FE}.AppStore|x86.ActiveCfg = Release|Any CPU
		{819A4092-A252-486B-AE1A-D6D7EB43C6FE}.AppStore|x86.Build.0 = Release|Any CPU
		{819A4092-A252-486B-AE1A-D6D7EB43C6FE}.Debug|Any CPU.ActiveCfg = Debug|Any CPU
		{819A4092-A252-486B-AE1A-D6D7EB43C6FE}.Debug|Any CPU.Build.0 = Debug|Any CPU
		{819A4092-A252-486B-AE1A-D6D7EB43C6FE}.Debug|ARM.ActiveCfg = Debug|Any CPU
		{819A4092-A252-486B-AE1A-D6D7EB43C6FE}.Debug|ARM.Build.0 = Debug|Any CPU
		{819A4092-A252-486B-AE1A-D6D7EB43C6FE}.Debug|iPhone.ActiveCfg = Debug|Any CPU
		{819A4092-A252-486B-AE1A-D6D7EB43C6FE}.Debug|iPhone.Build.0 = Debug|Any CPU
		{819A4092-A252-486B-AE1A-D6D7EB43C6FE}.Debug|iPhoneSimulator.ActiveCfg = Debug|Any CPU
		{819A4092-A252-486B-AE1A-D6D7EB43C6FE}.Debug|iPhoneSimulator.Build.0 = Debug|Any CPU
		{819A4092-A252-486B-AE1A-D6D7EB43C6FE}.Debug|x64.ActiveCfg = Debug|Any CPU
		{819A4092-A252-486B-AE1A-D6D7EB43C6FE}.Debug|x64.Build.0 = Debug|Any CPU
		{819A4092-A252-486B-AE1A-D6D7EB43C6FE}.Debug|x86.ActiveCfg = Debug|Any CPU
		{819A4092-A252-486B-AE1A-D6D7EB43C6FE}.Debug|x86.Build.0 = Debug|Any CPU
		{819A4092-A252-486B-AE1A-D6D7EB43C6FE}.Release|Any CPU.ActiveCfg = Release|Any CPU
		{819A4092-A252-486B-AE1A-D6D7EB43C6FE}.Release|Any CPU.Build.0 = Release|Any CPU
		{819A4092-A252-486B-AE1A-D6D7EB43C6FE}.Release|ARM.ActiveCfg = Release|Any CPU
		{819A4092-A252-486B-AE1A-D6D7EB43C6FE}.Release|ARM.Build.0 = Release|Any CPU
		{819A4092-A252-486B-AE1A-D6D7EB43C6FE}.Release|iPhone.ActiveCfg = Release|Any CPU
		{819A4092-A252-486B-AE1A-D6D7EB43C6FE}.Release|iPhone.Build.0 = Release|Any CPU
		{819A4092-A252-486B-AE1A-D6D7EB43C6FE}.Release|iPhoneSimulator.ActiveCfg = Release|Any CPU
		{819A4092-A252-486B-AE1A-D6D7EB43C6FE}.Release|iPhoneSimulator.Build.0 = Release|Any CPU
		{819A4092-A252-486B-AE1A-D6D7EB43C6FE}.Release|x64.ActiveCfg = Release|Any CPU
		{819A4092-A252-486B-AE1A-D6D7EB43C6FE}.Release|x64.Build.0 = Release|Any CPU
		{819A4092-A252-486B-AE1A-D6D7EB43C6FE}.Release|x86.ActiveCfg = Release|Any CPU
		{819A4092-A252-486B-AE1A-D6D7EB43C6FE}.Release|x86.Build.0 = Release|Any CPU
		{C948EB73-FE80-4A14-BDE4-4C036BAEA307}.Ad-Hoc|Any CPU.ActiveCfg = Release|x86
		{C948EB73-FE80-4A14-BDE4-4C036BAEA307}.Ad-Hoc|Any CPU.Build.0 = Release|x86
		{C948EB73-FE80-4A14-BDE4-4C036BAEA307}.Ad-Hoc|Any CPU.Deploy.0 = Release|x86
		{C948EB73-FE80-4A14-BDE4-4C036BAEA307}.Ad-Hoc|ARM.ActiveCfg = Release|ARM
		{C948EB73-FE80-4A14-BDE4-4C036BAEA307}.Ad-Hoc|ARM.Build.0 = Release|ARM
		{C948EB73-FE80-4A14-BDE4-4C036BAEA307}.Ad-Hoc|ARM.Deploy.0 = Release|ARM
		{C948EB73-FE80-4A14-BDE4-4C036BAEA307}.Ad-Hoc|iPhone.ActiveCfg = Release|x86
		{C948EB73-FE80-4A14-BDE4-4C036BAEA307}.Ad-Hoc|iPhone.Build.0 = Release|x86
		{C948EB73-FE80-4A14-BDE4-4C036BAEA307}.Ad-Hoc|iPhone.Deploy.0 = Release|x86
		{C948EB73-FE80-4A14-BDE4-4C036BAEA307}.Ad-Hoc|iPhoneSimulator.ActiveCfg = Release|x86
		{C948EB73-FE80-4A14-BDE4-4C036BAEA307}.Ad-Hoc|iPhoneSimulator.Build.0 = Release|x86
		{C948EB73-FE80-4A14-BDE4-4C036BAEA307}.Ad-Hoc|iPhoneSimulator.Deploy.0 = Release|x86
		{C948EB73-FE80-4A14-BDE4-4C036BAEA307}.Ad-Hoc|x64.ActiveCfg = Release|x64
		{C948EB73-FE80-4A14-BDE4-4C036BAEA307}.Ad-Hoc|x64.Build.0 = Release|x64
		{C948EB73-FE80-4A14-BDE4-4C036BAEA307}.Ad-Hoc|x64.Deploy.0 = Release|x64
		{C948EB73-FE80-4A14-BDE4-4C036BAEA307}.Ad-Hoc|x86.ActiveCfg = Release|x86
		{C948EB73-FE80-4A14-BDE4-4C036BAEA307}.Ad-Hoc|x86.Build.0 = Release|x86
		{C948EB73-FE80-4A14-BDE4-4C036BAEA307}.Ad-Hoc|x86.Deploy.0 = Release|x86
		{C948EB73-FE80-4A14-BDE4-4C036BAEA307}.AppStore|Any CPU.ActiveCfg = Release|x86
		{C948EB73-FE80-4A14-BDE4-4C036BAEA307}.AppStore|Any CPU.Build.0 = Release|x86
		{C948EB73-FE80-4A14-BDE4-4C036BAEA307}.AppStore|Any CPU.Deploy.0 = Release|x86
		{C948EB73-FE80-4A14-BDE4-4C036BAEA307}.AppStore|ARM.ActiveCfg = Release|ARM
		{C948EB73-FE80-4A14-BDE4-4C036BAEA307}.AppStore|ARM.Build.0 = Release|ARM
		{C948EB73-FE80-4A14-BDE4-4C036BAEA307}.AppStore|ARM.Deploy.0 = Release|ARM
		{C948EB73-FE80-4A14-BDE4-4C036BAEA307}.AppStore|iPhone.ActiveCfg = Release|x86
		{C948EB73-FE80-4A14-BDE4-4C036BAEA307}.AppStore|iPhone.Build.0 = Release|x86
		{C948EB73-FE80-4A14-BDE4-4C036BAEA307}.AppStore|iPhone.Deploy.0 = Release|x86
		{C948EB73-FE80-4A14-BDE4-4C036BAEA307}.AppStore|iPhoneSimulator.ActiveCfg = Release|x86
		{C948EB73-FE80-4A14-BDE4-4C036BAEA307}.AppStore|iPhoneSimulator.Build.0 = Release|x86
		{C948EB73-FE80-4A14-BDE4-4C036BAEA307}.AppStore|iPhoneSimulator.Deploy.0 = Release|x86
		{C948EB73-FE80-4A14-BDE4-4C036BAEA307}.AppStore|x64.ActiveCfg = Release|x64
		{C948EB73-FE80-4A14-BDE4-4C036BAEA307}.AppStore|x64.Build.0 = Release|x64
		{C948EB73-FE80-4A14-BDE4-4C036BAEA307}.AppStore|x64.Deploy.0 = Release|x64
		{C948EB73-FE80-4A14-BDE4-4C036BAEA307}.AppStore|x86.ActiveCfg = Release|x86
		{C948EB73-FE80-4A14-BDE4-4C036BAEA307}.AppStore|x86.Build.0 = Release|x86
		{C948EB73-FE80-4A14-BDE4-4C036BAEA307}.AppStore|x86.Deploy.0 = Release|x86
		{C948EB73-FE80-4A14-BDE4-4C036BAEA307}.Debug|Any CPU.ActiveCfg = Debug|x86
		{C948EB73-FE80-4A14-BDE4-4C036BAEA307}.Debug|ARM.ActiveCfg = Debug|ARM
		{C948EB73-FE80-4A14-BDE4-4C036BAEA307}.Debug|ARM.Build.0 = Debug|ARM
		{C948EB73-FE80-4A14-BDE4-4C036BAEA307}.Debug|ARM.Deploy.0 = Debug|ARM
		{C948EB73-FE80-4A14-BDE4-4C036BAEA307}.Debug|iPhone.ActiveCfg = Debug|x86
		{C948EB73-FE80-4A14-BDE4-4C036BAEA307}.Debug|iPhoneSimulator.ActiveCfg = Debug|x86
		{C948EB73-FE80-4A14-BDE4-4C036BAEA307}.Debug|x64.ActiveCfg = Debug|x64
		{C948EB73-FE80-4A14-BDE4-4C036BAEA307}.Debug|x64.Build.0 = Debug|x64
		{C948EB73-FE80-4A14-BDE4-4C036BAEA307}.Debug|x64.Deploy.0 = Debug|x64
		{C948EB73-FE80-4A14-BDE4-4C036BAEA307}.Debug|x86.ActiveCfg = Debug|x86
		{C948EB73-FE80-4A14-BDE4-4C036BAEA307}.Debug|x86.Build.0 = Debug|x86
		{C948EB73-FE80-4A14-BDE4-4C036BAEA307}.Debug|x86.Deploy.0 = Debug|x86
		{C948EB73-FE80-4A14-BDE4-4C036BAEA307}.Release|Any CPU.ActiveCfg = Release|x86
		{C948EB73-FE80-4A14-BDE4-4C036BAEA307}.Release|ARM.ActiveCfg = Release|ARM
		{C948EB73-FE80-4A14-BDE4-4C036BAEA307}.Release|ARM.Build.0 = Release|ARM
		{C948EB73-FE80-4A14-BDE4-4C036BAEA307}.Release|ARM.Deploy.0 = Release|ARM
		{C948EB73-FE80-4A14-BDE4-4C036BAEA307}.Release|iPhone.ActiveCfg = Release|x86
		{C948EB73-FE80-4A14-BDE4-4C036BAEA307}.Release|iPhoneSimulator.ActiveCfg = Release|x86
		{C948EB73-FE80-4A14-BDE4-4C036BAEA307}.Release|x64.ActiveCfg = Release|x64
		{C948EB73-FE80-4A14-BDE4-4C036BAEA307}.Release|x64.Build.0 = Release|x64
		{C948EB73-FE80-4A14-BDE4-4C036BAEA307}.Release|x64.Deploy.0 = Release|x64
		{C948EB73-FE80-4A14-BDE4-4C036BAEA307}.Release|x86.ActiveCfg = Release|x86
		{C948EB73-FE80-4A14-BDE4-4C036BAEA307}.Release|x86.Build.0 = Release|x86
		{C948EB73-FE80-4A14-BDE4-4C036BAEA307}.Release|x86.Deploy.0 = Release|x86
		{668E2A26-5243-40DB-AD68-EEBE769908B9}.Ad-Hoc|Any CPU.ActiveCfg = Ad-Hoc|iPhoneSimulator
		{668E2A26-5243-40DB-AD68-EEBE769908B9}.Ad-Hoc|ARM.ActiveCfg = Ad-Hoc|iPhone
		{668E2A26-5243-40DB-AD68-EEBE769908B9}.Ad-Hoc|iPhone.ActiveCfg = Ad-Hoc|iPhone
		{668E2A26-5243-40DB-AD68-EEBE769908B9}.Ad-Hoc|iPhone.Build.0 = Ad-Hoc|iPhone
		{668E2A26-5243-40DB-AD68-EEBE769908B9}.Ad-Hoc|iPhoneSimulator.ActiveCfg = Ad-Hoc|iPhoneSimulator
		{668E2A26-5243-40DB-AD68-EEBE769908B9}.Ad-Hoc|iPhoneSimulator.Build.0 = Ad-Hoc|iPhoneSimulator
		{668E2A26-5243-40DB-AD68-EEBE769908B9}.Ad-Hoc|x64.ActiveCfg = Ad-Hoc|iPhone
		{668E2A26-5243-40DB-AD68-EEBE769908B9}.Ad-Hoc|x86.ActiveCfg = Ad-Hoc|iPhone
		{668E2A26-5243-40DB-AD68-EEBE769908B9}.AppStore|Any CPU.ActiveCfg = AppStore|iPhoneSimulator
		{668E2A26-5243-40DB-AD68-EEBE769908B9}.AppStore|ARM.ActiveCfg = AppStore|iPhone
		{668E2A26-5243-40DB-AD68-EEBE769908B9}.AppStore|iPhone.ActiveCfg = AppStore|iPhone
		{668E2A26-5243-40DB-AD68-EEBE769908B9}.AppStore|iPhone.Build.0 = AppStore|iPhone
		{668E2A26-5243-40DB-AD68-EEBE769908B9}.AppStore|iPhoneSimulator.ActiveCfg = AppStore|iPhoneSimulator
		{668E2A26-5243-40DB-AD68-EEBE769908B9}.AppStore|iPhoneSimulator.Build.0 = AppStore|iPhoneSimulator
		{668E2A26-5243-40DB-AD68-EEBE769908B9}.AppStore|x64.ActiveCfg = AppStore|iPhone
		{668E2A26-5243-40DB-AD68-EEBE769908B9}.AppStore|x86.ActiveCfg = AppStore|iPhone
		{668E2A26-5243-40DB-AD68-EEBE769908B9}.Debug|Any CPU.ActiveCfg = Debug|iPhoneSimulator
		{668E2A26-5243-40DB-AD68-EEBE769908B9}.Debug|ARM.ActiveCfg = Debug|iPhone
		{668E2A26-5243-40DB-AD68-EEBE769908B9}.Debug|iPhone.ActiveCfg = Debug|iPhone
		{668E2A26-5243-40DB-AD68-EEBE769908B9}.Debug|iPhone.Build.0 = Debug|iPhone
		{668E2A26-5243-40DB-AD68-EEBE769908B9}.Debug|iPhoneSimulator.ActiveCfg = Debug|iPhoneSimulator
		{668E2A26-5243-40DB-AD68-EEBE769908B9}.Debug|iPhoneSimulator.Build.0 = Debug|iPhoneSimulator
		{668E2A26-5243-40DB-AD68-EEBE769908B9}.Debug|x64.ActiveCfg = Debug|iPhone
		{668E2A26-5243-40DB-AD68-EEBE769908B9}.Debug|x86.ActiveCfg = Debug|iPhone
		{668E2A26-5243-40DB-AD68-EEBE769908B9}.Release|Any CPU.ActiveCfg = Release|iPhoneSimulator
		{668E2A26-5243-40DB-AD68-EEBE769908B9}.Release|ARM.ActiveCfg = Release|iPhone
		{668E2A26-5243-40DB-AD68-EEBE769908B9}.Release|iPhone.ActiveCfg = Release|iPhone
		{668E2A26-5243-40DB-AD68-EEBE769908B9}.Release|iPhone.Build.0 = Release|iPhone
		{668E2A26-5243-40DB-AD68-EEBE769908B9}.Release|iPhoneSimulator.ActiveCfg = Release|iPhoneSimulator
		{668E2A26-5243-40DB-AD68-EEBE769908B9}.Release|iPhoneSimulator.Build.0 = Release|iPhoneSimulator
		{668E2A26-5243-40DB-AD68-EEBE769908B9}.Release|x64.ActiveCfg = Release|iPhone
		{668E2A26-5243-40DB-AD68-EEBE769908B9}.Release|x86.ActiveCfg = Release|iPhone
	EndGlobalSection
	GlobalSection(SolutionProperties) = preSolution
		HideSolutionNode = FALSE
	EndGlobalSection
	GlobalSection(ExtensibilityGlobals) = postSolution
		SolutionGuid = {0EA60CBB-D7ED-4616-B620-91ABE0AC1FB9}
	EndGlobalSection
EndGlobal
